Microsoft Visual Studio Solution File, Format Version 12.00
# Visual Studio Version 17
VisualStudioVersion = 17.5.2.0
MinimumVisualStudioVersion = 10.0.40219.1
Project("{FAE04EC0-301F-11D3-BF4B-00C04F79EFBC}") = "desktopui", "desktopui.csproj", "{6415BD8E-1A82-4628-B88B-24AB09C69291}"
EndProject
Global
	GlobalSection(SolutionConfigurationPlatforms) = preSolution
		Debug|Any CPU = Debug|Any CPU
		Release|Any CPU = Release|Any CPU
	EndGlobalSection
	GlobalSection(ProjectConfigurationPlatforms) = postSolution
		{6415BD8E-1A82-4628-B88B-24AB09C69291}.Debug|Any CPU.ActiveCfg = Debug|Any CPU
		{6415BD8E-1A82-4628-B88B-24AB09C69291}.Debug|Any CPU.Build.0 = Debug|Any CPU
		{6415BD8E-1A82-4628-B88B-24AB09C69291}.Release|Any CPU.ActiveCfg = Release|Any CPU
		{6415BD8E-1A82-4628-B88B-24AB09C69291}.Release|Any CPU.Build.0 = Release|Any CPU
	EndGlobalSection
	GlobalSection(SolutionProperties) = preSolution
		HideSolutionNode = FALSE
	EndGlobalSection
	GlobalSection(ExtensibilityGlobals) = postSolution
		SolutionGuid = {829C259D-5616-419A-848C-22A374E77715}
	EndGlobalSection
EndGlobal
